{
  "originHash" : "25d31c4840b6173ea857d8cbfaad4cd4f43b1bc1a605f6ab1ec3ea8b70093b96",
  "pins" : [
    {
      "identity" : "sparkle",
      "kind" : "remoteSourceControl",
      "location" : "https://github.com/sparkle-project/Sparkle",
      "state" : {
        "revision" : "79bc9e872948e47877e76f194cb0c8e0412b0b90",
        "version" : "2.9.5"
      }
    },
    {
      "identity" : "wisent-components",
      "kind" : "remoteSourceControl",
      "location" : "https://github.com/wisent-ai/wisent-components.git",
      "state" : {
        "revision" : "63aab577abc78c4d1993a711236479dbc2c2571a"
      }
    },
    {
      "identity" : "wisent-desktop-update",
      "kind" : "remoteSourceControl",
      "location" : "https://github.com/wisent-ai/wisent-desktop-update.git",
      "state" : {
        "revision" : "ff387340b475eca7f47bf6202759dd23018b0c3e",
        "version" : "0.2.0"
      }
    },
    {
      "identity" : "wisent-errors",
      "kind" : "remoteSourceControl",
      "location" : "https://github.com/wisent-ai/wisent-errors.git",
      "state" : {
        "revision" : "b01a0c99766b5c6378ecdbf3921108420ba058f1"
      }
    }
  ],
  "version" : 3
}
