{
  "originHash" : "0ee8f2c8dda16520d2c972afbefa53c2f5614a748fc5546627ab38b64fcbcd79",
  "pins" : [
    {
      "identity" : "sparkle",
      "kind" : "remoteSourceControl",
      "location" : "https://github.com/sparkle-project/Sparkle",
      "state" : {
        "revision" : "79bc9e872948e47877e76f194cb0c8e0412b0b90",
        "version" : "2.9.5"
      }
    },
    {
      "identity" : "wisent-components",
      "kind" : "remoteSourceControl",
      "location" : "https://github.com/wisent-ai/wisent-components.git",
      "state" : {
        "revision" : "f88802e242de766816c914b5480ac21ac9588948",
        "version" : "0.7.0"
      }
    },
    {
      "identity" : "wisent-desktop-update",
      "kind" : "remoteSourceControl",
      "location" : "https://github.com/wisent-ai/wisent-desktop-update.git",
      "state" : {
        "revision" : "ff387340b475eca7f47bf6202759dd23018b0c3e",
        "version" : "0.2.0"
      }
    },
    {
      "identity" : "wisent-errors",
      "kind" : "remoteSourceControl",
      "location" : "https://github.com/wisent-ai/wisent-errors.git",
      "state" : {
        "revision" : "b01a0c99766b5c6378ecdbf3921108420ba058f1"
      }
    }
  ],
  "version" : 3
}
